<?xml version="1.0" encoding="utf-8"?>
<Project ToolsVersion="4.0" xmlns="http://schemas.microsoft.com/developer/msbuild/2003">
  <ItemGroup>
    <ClCompile Include="sources\GraphicsProcessor.cpp" />
    <ClCompile Include="sources\IfcGenerator.cpp" />
    <ClCompile Include="sources\PropertiesReader.cpp" />
    <ClCompile Include="sources\Initialization.cpp" />
    <ClCompile Include="sources\ParametricFeatures.cpp" />
    <ClCompile Include="sources\PropertiesDictionary.cpp" />
    <ClCompile Include="utils\ElementPropertiesEnum.cpp" />
    <ClCompile Include="utils\GraphicPropertiesEnum.cpp" />
    <ClCompile Include="sources\PropertyTypeValue.cpp" />
    <ClCompile Include="utils\StringUtils.cpp" />
    <ClCompile Include="utils\TypesUtils.cpp" />
    <ClCompile Include="sources\SmartFeatureProperties.cpp" />
    <ClCompile Include="utils\SmartFeaturePropertiesEnum.cpp" />
  </ItemGroup>
  <ItemGroup>
    <None Include="ParametricFeatures.mke" />
    <None Include="ParametricFeatures.r" />
  </ItemGroup>
  <ItemGroup>
    <ClInclude Include="headers\GraphicsProcessor.h" />
    <ClInclude Include="headers\IfcGenerator.h" />
    <ClInclude Include="headers\PropertiesReader.h" />
    <ClInclude Include="stdafx.h" />
    <ClInclude Include="headers\ParametricFeatures.h" />
    <ClInclude Include="headers\PropertiesDictionary.h" />
    <ClInclude Include="headers\PropertyTypeValue.h" />
    <ClInclude Include="utils\StringUtils.h" />
    <ClInclude Include="utils\TypesUtils.h" />
    <ClInclude Include="headers\PropertyObjAttribute.h" />
    <ClInclude Include="headers\SmartFeatureProperties.h" />
  </ItemGroup>
</Project>