<?xml version="1.0" encoding="utf-8"?>
<Project ToolsVersion="4.0" xmlns="http://schemas.microsoft.com/developer/msbuild/2003">
  <ItemGroup>
    <ClCompile Include="modeler\properties\smart_feature\sources\SmartFeatureContainer.cpp" />
    <ClCompile Include="modeler\properties\smart_feature\sources\SmartFeatureTreeNode.cpp" />
    <ClCompile Include="common\utils\sources\SmartFeatureTypeEnumUtils.cpp" />
    <ClCompile Include="modeler\properties\reader\sources\ReaderPropertyDefinition.cpp" />
    <ClCompile Include="modeler\properties\sources\GraphicProperties.cpp" />
    <ClCompile Include="ifc\primitives\sources\IfcPrimitivesEnhancer.cpp" />
    <ClCompile Include="ifc\shapes\sources\IfcShapesEnhancer.cpp" />
    <ClCompile Include="ifc\curves\sources\IfcCurvesPrimitivesBuilder.cpp" />
    <ClCompile Include="ifc\properties\sources\IfcPropertiesEnhancer.cpp" />
    <ClCompile Include="ifc\curves\sources\IfcShapesEnhancer.cpp" />
    <ClCompile Include="ifc\smart_feature\sources\SmartFeatureHandler.cpp" />
    <ClCompile Include="ifc\brep_solids\sources\IfcBRepRelationship.cpp" />
    <ClCompile Include="ifc\brep_solids\sources\IfcBRepSolidsEnhancer.cpp" />
    <ClCompile Include="ifc\brep_solids\sources\IfcBRepRelationship.cpp" />
    <ClCompile Include="ifc\smart_feature\sources\SmartFeatureHandler.cpp" />
    <ClCompile Include="common\enums\sources\BooleanFunctionsEnum.cpp" />
    <ClCompile Include="common\enums\sources\ResultStatusEnum.cpp" />
    <ClCompile Include="common\utils\sources\CreateSolidFunctionsEnumUtils.cpp" />
    <ClCompile Include="common\utils\sources\PropertyTypeEnumUtils.cpp" />
    <ClCompile Include="common\utils\sources\ReaderPropertiesEnumUtils.cpp" />
    <ClCompile Include="common\utils\sources\SmartFeatureTypeEnumUtils.cpp" />
    <ClCompile Include="modeler\brep_solids\sources\MSBsplineSurfaceGraphicProperties.cpp" />
    <ClCompile Include="modeler\brep_solids\sources\SolidEntityGraphicProperties.cpp" />
    <ClCompile Include="modeler\shapes\sources\ShapesGraphicProperties.cpp" />
    <ClCompile Include="common\models\sources\ResultStatus.cpp" />
    <ClCompile Include="common\models\sources\SessionManager.cpp" />
    <ClCompile Include="data_processing\graphic_properties\sources\GraphicsProcessor.cpp" />
    <ClCompile Include="data_processing\reader_properties\sources\PropertiesReaderProcessor.cpp" />
    <ClCompile Include="data_processing\initialization\sources\ParametricFeatures.cpp" />
    <ClCompile Include="ifc\main\sources\IfcBuilder.cpp" />
    <ClCompile Include="ifc\main\sources\IfcElementBuilder.cpp" />
    <ClCompile Include="ifc\operations_helper\sources\IfcOperationsHelper.cpp" />
    <ClCompile Include="modeler\data_writer\sources\ModelerDataWriterManager.cpp" />
    <ClCompile Include="modeler\create_solids_operations\sources\CreateSolidsOperationProperties.cpp" />
    <ClCompile Include="modeler\create_solids_operations\sources\ExtrusionReaderProperties.cpp" />
    <ClCompile Include="modeler\create_solids_operations\sources\RevolveReaderProperties.cpp" />
    <ClCompile Include="modeler\curves\sources\AkimaGraphicProperties.cpp" />
    <ClCompile Include="modeler\curves\sources\ArcGraphicProperties.cpp" />
    <ClCompile Include="modeler\curves\sources\BsplineGraphicProperties.cpp" />
    <ClCompile Include="modeler\curves\sources\CurveGraphicProperties.cpp" />
    <ClCompile Include="modeler\curves\sources\InterpolationGraphicProperties.cpp" />
    <ClCompile Include="modeler\curves\sources\LineStringGraphicProperties.cpp" />
    <ClCompile Include="modeler\curves\sources\PointStringGraphicProperties.cpp" />
    <ClCompile Include="data_processing\graphic_properties\sources\GraphicsProcessorHelper.cpp" />
    <ClCompile Include="data_processing\initialization\sources\InitializationHelper.cpp" />
    <ClCompile Include="ifc\surfaces\sources\IfcSurfaceEnhancer.cpp" />
    <ClCompile Include="modeler\properties\reader\sources\ReaderPropertiesBundle.cpp" />
    <ClCompile Include="modeler\primitives\sources\BoxGraphicProperties.cpp" />
    <ClCompile Include="modeler\primitives\sources\ConeGraphicProperties.cpp" />
    <ClCompile Include="modeler\primitives\sources\CylinderGraphicProperties.cpp" />
    <ClCompile Include="modeler\primitives\sources\ExtrusionGraphicProperties.cpp" />
    <ClCompile Include="modeler\primitives\sources\PrimitiveGraphicProperties.cpp" />
    <ClCompile Include="modeler\primitives\sources\RotationalSweepGraphicProperties.cpp" />
    <ClCompile Include="modeler\primitives\sources\RuledSweepGraphicProperties.cpp" />
    <ClCompile Include="modeler\primitives\sources\SphereGraphicProperties.cpp" />
    <ClCompile Include="modeler\primitives\sources\TorusGraphicProperties.cpp" />
    <ClCompile Include="ifc\ports\sources\IfcPortsRelationshipList.cpp" />
    <ClCompile Include="ifc\ports\sources\IfcPortsBuilder.cpp" />
    <ClCompile Include="modeler\primitives\sources\SolidPrimitiveProperties.cpp" />
    <ClCompile Include="ifc\properties\sources\IfcColorMaterialEnhancer.cpp" />
    <ClCompile Include="logging\sources\Logger.cpp" />
    <ClCompile Include="data_base\sources\DataBaseContext.cpp" />
    <ClCompile Include="data_base\models\sources\ComponentsMapping.cpp" />
    <ClCompile Include="modeler\text\sources\TextGraphicProperties.cpp" />
    <ClCompile Include="ifc\text\sources\IfcTextEnhancer.cpp" />
    <ClCompile Include="data_base\mapper\sources\EntitiesMapper.cpp" />
    <ClCompile Include="data_base\repositories\sources\ComponentsMappingRepository.cpp" />
    <ClCompile Include="data_base\services\sources\ComponentsMappingService.cpp" />
    <ClCompile Include="data_base\dtos\sources\ComponentsMappingDTO.cpp" />
    <ClCompile Include="ifc\solids_operation\sources\IfcSolidsOperationBuilder.cpp" />
    <ClCompile Include="ifc\main\sources\IfcGeneralInformation.cpp" />
    <ClCompile Include="ifc\bundle\sources\IfcElementBundle.cpp" />
    <ClCompile Include="ifc\bundle\sources\IfcGraphicPropertiesBundle.cpp" />
    <ClCompile Include="ifc\bundle\sources\IfcReaderPropertiesBundle.cpp" />
  </ItemGroup>
  <ItemGroup>
    <None Include="ParametricFeatures.mke" />
    <None Include="ParametricFeaturesCmd.r" />
    <None Include="interface_dialog\Dialog.r" />
    <None Include="interface_dialog\transkit\DialogMsg.r" />
    <None Include="interface_dialog\DialogType.mt" />
  </ItemGroup>
  <ItemGroup>
    <ClInclude Include="stdafx.h" />
    <ClInclude Include="modeler\properties\smart_feature\headers\SmartFeatureContainer.h" />
    <ClInclude Include="modeler\properties\smart_feature\headers\SmartFeatureTreeNode.h" />
    <ClInclude Include="modeler\properties\reader\headers\ReaderPropertyDefinition.h" />
    <ClInclude Include="ifc\headers\IfcProductBundle.h" />
    <ClInclude Include="modeler\properties\headers\GraphicProperties.h" />
    <ClInclude Include="ifc\primitives\headers\IfcPrimitivesEnhancer.h" />
    <ClInclude Include="ifc\shapes\headers\IfcShapesEnhancer.h" />
    <ClInclude Include="common\enums\headers\PropertyTypeEnum.h" />
    <ClInclude Include="ifc\properties\headers\IfcPropertiesEnhancer.h" />
    <ClInclude Include="ifc\smart_feature\headers\SmartFeatureHandler.h" />
    <ClInclude Include="ifc\brep_solids\headers\IfcBRepRelationship.h" />
    <ClInclude Include="ifc\brep_solids\headers\IfcBRepSolidsEnhancer.h" />
    <ClInclude Include="modeler\properties\curves\graphic\headers\ICurvesGraphicsProperties.h" />
    <ClInclude Include="common\enums\headers\BooleanFunctionsEnum.h" />
    <ClInclude Include="common\enums\headers\BRepTypeEnum.h" />
    <ClInclude Include="common\enums\headers\CreateSolidFunctionsEnum.h" />
    <ClInclude Include="common\enums\headers\IfcDimensionEnum.h" />
    <ClInclude Include="common\enums\headers\PrimitiveTypeEnum.h" />
    <ClInclude Include="common\enums\headers\PropertyTypeEnum.h" />
    <ClInclude Include="common\enums\headers\ReaderPropertiesEnum.h" />
    <ClInclude Include="common\enums\headers\ResultStatusEnum.h" />
    <ClInclude Include="common\enums\headers\ShapesTypeEnum.h" />
    <ClInclude Include="common\enums\headers\SmartFeatureTypeEnum.h" />
    <ClInclude Include="common\utils\headers\BRepTypeEnumUtils.h" />
    <ClInclude Include="common\utils\headers\CreateSolidFunctionsEnumUtils.h" />
    <ClInclude Include="common\utils\headers\NumberUtils.h" />
    <ClInclude Include="common\utils\headers\PropertyTypeEnumUtils.h" />
    <ClInclude Include="common\utils\headers\ReaderPropertiesEnumUtils.h" />
    <ClInclude Include="common\utils\headers\ShapesTypeEnumUtils.h" />
    <ClInclude Include="common\utils\headers\SmartFeatureTypeEnumUtils.h" />
    <ClInclude Include="common\utils\headers\StringUtils.hpp" />
    <ClInclude Include="modeler\brep_solids\headers\MSBsplineSurfaceGraphicProperties.h" />
    <ClInclude Include="modeler\brep_solids\headers\SolidEntityGraphicProperties.h" />
    <ClInclude Include="modeler\shapes\headers\ShapesGraphicProperties.h" />
    <ClInclude Include="common\models\headers\ResultStatus.h" />
    <ClInclude Include="common\models\headers\SessionManager.h" />
    <ClInclude Include="data_processing\graphic_properties\headers\GraphicsProcessor.h" />
    <ClInclude Include="data_processing\reader_properties\headers\PropertiesReaderProcessor.h" />
    <ClInclude Include="ifc\main\headers\IfcBuilder.h" />
    <ClInclude Include="ifc\main\headers\IfcElementBuilder.h" />
    <ClInclude Include="ifc\operations_helper\headers\IfcOperationsHelper.h" />
    <ClInclude Include="modeler\data_writer\headers\ModelerDataWriterManager.h" />
    <ClInclude Include="modeler\create_solids_operations\headers\CreateSolidsOperationProperties.h" />
    <ClInclude Include="modeler\create_solids_operations\headers\ExtrusionReaderProperties.h" />
    <ClInclude Include="modeler\create_solids_operations\headers\RevolveReaderProperties.h" />
    <ClInclude Include="modeler\curves\headers\AkimaGraphicProperties.h" />
    <ClInclude Include="modeler\curves\headers\ArcGraphicProperties.h" />
    <ClInclude Include="modeler\curves\headers\BsplineGraphicProperties.h" />
    <ClInclude Include="modeler\curves\headers\CurveGraphicProperties.h" />
    <ClInclude Include="modeler\curves\headers\InterpolationGraphicProperties.h" />
    <ClInclude Include="modeler\curves\headers\LineGraphicProperties.h" />
    <ClInclude Include="modeler\curves\headers\LineStringGraphicProperties.h" />
    <ClInclude Include="modeler\curves\headers\PointStringGraphicProperties.h" />
    <ClInclude Include="modeler\curves\sources\LineGraphicProperties.cpp" />
    <ClInclude Include="data_processing\graphic_properties\headers\GraphicsProcessorHelper.h" />
    <ClInclude Include="data_processing\initialization\headers\InitializationHelper.h" />
    <ClInclude Include="ifc\surfaces\headers\IfcSurfaceEnhancer.h" />
    <ClInclude Include="modeler\properties\reader\headers\ReaderPropertiesBundle.h" />
    <ClInclude Include="data_processing\graphic_properties\headers\PolyfaceConvertTool.h" />
    <ClInclude Include="modeler\primitives\headers\BoxGraphicProperties.h" />
    <ClInclude Include="modeler\primitives\headers\ConeGraphicProperties.h" />
    <ClInclude Include="modeler\primitives\headers\CylinderGraphicProperties.h" />
    <ClInclude Include="modeler\primitives\headers\ExtrusionGraphicProperties.h" />
    <ClInclude Include="modeler\primitives\headers\PrimitiveGraphicProperties.h" />
    <ClInclude Include="modeler\primitives\headers\RotationalSweepGraphicProperties.h" />
    <ClInclude Include="modeler\primitives\headers\RuledSweepGraphicProperties.h" />
    <ClInclude Include="modeler\primitives\headers\SphereGraphicProperties.h" />
    <ClInclude Include="modeler\primitives\headers\TorusGraphicProperties.h" />
    <ClInclude Include="common\utils\headers\Comparator.h" />
    <ClInclude Include="ifc\ports\headers\IfcPortsRelationshipList.h" />
    <ClInclude Include="ifc\ports\headers\IfcPortsBuilder.h" />
    <ClInclude Include="modeler\primitives\headers\SolidPrimitiveProperties.h" />
    <ClInclude Include="ifc\properties\headers\IfcColorMaterialEnhancer.h" />
    <ClInclude Include="common\utils\headers\ProgressBar.hpp" />
    <ClInclude Include="common\utils\headers\NotificationMessage.h" />
    <ClInclude Include="resource.h" />
    <ClInclude Include="logging\headers\Logger.h" />
    <ClInclude Include="interface\MainForm.h" />
    <ClInclude Include="data_base\models\headers\ComponentsMapping.h" />
    <ClInclude Include="data_base\headers\DataBaseContext.h" />
    <ClInclude Include="interface_dialog\ListModelManager.h" />
    <ClInclude Include="modeler\text\headers\TextGraphicProperties.h" />
    <ClInclude Include="ifc\text\headers\IfcTextEnhancer.h" />
    <ClInclude Include="data_base\mapper\headers\EntitiesMapper.h" />
    <ClInclude Include="data_base\repositories\headers\ComponentsMappingRepository.h" />
    <ClInclude Include="data_base\services\headers\ComponentsMappingService.h" />
    <ClInclude Include="data_base\dtos\headers\ComponentsMappingDTO.h" />
    <ClInclude Include="ifc\solids_operation\headers\IfcSolidsOperationBuilder.h" />
    <ClInclude Include="ifc\main\headers\IfcGeneralInformation.h" />
    <ClInclude Include="ifc\bundle\headers\IfcElementBundle.h" />
    <ClInclude Include="ifc\bundle\headers\IfcGraphicPropertiesBundle.h" />
    <ClInclude Include="ifc\bundle\headers\IfcReaderPropertiesBundle.h" />
  </ItemGroup>
  <ItemGroup>
    <ClInclude Include="data_processing\initialization\headers\ParametricFeaturesCmd.h" />
    <ClInclude Include="interface_dialog\DialogIds.h" />
    <ClInclude Include="interface_dialog\transkit\DialogTxt.h" />
    <ClInclude Include="interface_dialog\DialogHooks.h" />
    <ClInclude Include="common\utils\headers\ExplorerStructure.h" />
    <ClInclude Include="data_processing\initialization\headers\Initialization.h" />
  </ItemGroup>
  <ItemGroup>
    <Xml Include="interface_dialog\transkit\transkit.xml" />
  </ItemGroup>
  <ItemGroup>
    <Text Include="data_base\mappings.txt" />
  </ItemGroup>
</Project>