<?xml version="1.0" encoding="utf-8"?>
<Project ToolsVersion="4.0" xmlns="http://schemas.microsoft.com/developer/msbuild/2003">
  <ItemGroup>
    <ClCompile Include="sources\GraphicsProcessor.cpp" />
    <ClCompile Include="sources\Initialization.cpp" />
    <ClCompile Include="sources\ParametricFeatures.cpp" />
    <ClCompile Include="modeler\properties\smart_feature\sources\SmartFeatureContainer.cpp" />
    <ClCompile Include="modeler\properties\smart_feature\sources\SmartFeatureTreeNode.cpp" />
    <ClCompile Include="modeler\properties\sources\DictionaryProperties.cpp" />
    <ClCompile Include="mapper\properties\sources\ReaderPropertiesMapper.cpp" />
    <ClCompile Include="sources\PropertiesReaderProcessor.cpp" />
    <ClCompile Include="modeler\properties\sources\GeneralProperties.cpp" />
    <ClCompile Include="common\utils\sources\NumberUtils.cpp" />
    <ClCompile Include="common\enums\sources\BooleanFunctionsEnum.cpp" />
    <ClCompile Include="common\enums\sources\ResultStatusEnum.cpp" />
    <ClCompile Include="common\models\result_status\sources\ResultStatus.cpp" />
    <ClCompile Include="ifc\sources\IfcBuilder.cpp" />
    <ClCompile Include="ifc\boolean_functions\sources\IfcBooleanOperatorHandler.cpp" />
    <ClCompile Include="modeler\properties\boolean_operations\sources\BooleanOperationProperties.cpp" />
    <ClCompile Include="modeler\properties\create_solids_operations\reader\sources\CreateSolidsOperationProperties.cpp" />
    <ClCompile Include="modeler\properties\primitives\graphic\sources\CylinderGraphicProperties.cpp" />
    <ClCompile Include="modeler\properties\primitives\graphic\sources\ConeGraphicProperties.cpp" />
    <ClCompile Include="modeler\properties\primitives\graphic\sources\PrimitiveGraphicProperties.cpp" />
    <ClCompile Include="modeler\properties\primitives\graphic\sources\SphereGraphicProperties.cpp" />
    <ClCompile Include="modeler\properties\primitives\graphic\sources\TorusGraphicProperties.cpp" />
    <ClCompile Include="ifc\create_solids_operation\sources\IfcCreateSolidsOperationBuilder.cpp" />
    <ClCompile Include="mapper\properties\sources\BooleanOperationReaderPropertiesMapper.cpp" />
    <ClCompile Include="modeler\properties\create_solids_operations\reader\sources\RevolveReaderProperties.cpp" />
    <ClCompile Include="common\utils\sources\SmartFeatureTypeEnumUtils.cpp" />
    <ClCompile Include="common\utils\sources\CreateSolidFunctionsEnumUtils.cpp" />
    <ClCompile Include="common\utils\sources\PrimitiveTypeEnumUtils.cpp" />
    <ClCompile Include="common\utils\sources\ReaderPropertiesEnumUtils.cpp" />
    <ClCompile Include="common\utils\sources\SmartFeatureTypeEnumUtils.cpp" />
    <ClCompile Include="modeler\properties\pipes\reader\sources\PipeReaderProperties.cpp" />
    <ClCompile Include="modeler\properties\pipes\sources\PipesContainer.cpp" />
    <ClCompile Include="enhancer\sources\GraphicsProcessorEnhancer.cpp" />
    <ClCompile Include="enhancer\sources\InitializationEnhancer.cpp" />
    <ClCompile Include="modeler\properties\curves\graphic\sources\BsplineGraphicProperties.cpp" />
    <ClCompile Include="modeler\properties\curves\graphic\sources\ArcGraphicProperties.cpp" />
    <ClCompile Include="modeler\properties\curves\graphic\sources\InterpolationGraphicProperties.cpp" />
    <ClCompile Include="modeler\properties\curves\graphic\sources\AkimaGraphicProperties.cpp" />
    <ClCompile Include="modeler\properties\create_solids_operations\reader\sources\ExtrusionReaderProperties.cpp" />
    <ClCompile Include="mapper\properties\sources\CreateSolidsOperationPropertiesReaderMapper.cpp" />
    <ClCompile Include="enhancer\sources\IfcOperationsEnhancer.cpp" />
    <ClCompile Include="modeler\properties\reader\sources\ReaderPropertyDefinition.cpp" />
    <ClCompile Include="modeler\properties\primitives\graphic\sources\SolidPrimitiveProperty.cpp" />
    <ClCompile Include="modeler\properties\curves\graphic\sources\LineStringGraphicProperties.cpp" />
    <ClCompile Include="modeler\properties\primitives\graphic\sources\BoxGraphicProperties.cpp" />
    <ClCompile Include="modeler\properties\sources\GraphicProperties.cpp" />
    <ClCompile Include="modeler\properties\curves\graphic\sources\PointStringGraphicProperties.cpp" />
    <ClCompile Include="ifc\sources\IfcGraphicPropertiesBundle.cpp" />
    <ClCompile Include="modeler\properties\sources\ReaderPropertiesBundle.cpp" />
    <ClCompile Include="ifc\sources\IfcReaderPropertiesBundle.cpp" />
    <ClCompile Include="ifc\primitives\sources\IfcMaterialBuilder.cpp" />
    <ClCompile Include="ifc\primitives\sources\IfcPrimitivesEnhancer.cpp" />
    <ClCompile Include="modeler\properties\shapes\sources\CurvesShapesGraphicProperties.cpp" />
    <ClCompile Include="modeler\properties\curves\graphic\sources\LineStringGraphicProperties.cpp" />
    <ClCompile Include="modeler\properties\curves\graphic\sources\PointStringGraphicProperties.cpp" />
    <ClCompile Include="common\utils\sources\ShapesTypeEnumUtils.cpp" />
    <ClCompile Include="ifc\shapes\sources\IfcShapesEnhancer.cpp" />
    <ClCompile Include="ifc\sources\IfcElementBundle.cpp" />
    <ClCompile Include="ifc\sources\IfcElementBuilder.cpp" />
    <ClCompile Include="ifc\sources\IfcPortsBuilder.cpp" />
    <ClCompile Include="common\utils\sources\PropertyTypeEnumUtils.cpp" />
    <ClCompile Include="ifc\curves\sources\IfcCurvesPrimitivesBuilder.cpp" />
    <ClCompile Include="ifc\properties\sources\IfcMaterialEnhancer.cpp" />
    <ClCompile Include="ifc\properties\sources\IfcPropertiesEnhancer.cpp" />
    <ClCompile Include="ifc\curves\sources\IfcShapesEnhancer.cpp" />
    <ClCompile Include="ifc\sources\IfcPortsRelationshipList.cpp" />
    <ClCompile Include="ifc\smart_feature\sources\SmartFeatureHandler.cpp" />
    <ClCompile Include="modeler\properties\shapes\sources\ShapesGraphicProperties.cpp" />
    <ClCompile Include="modeler\properties\primitives\graphic\sources\RotationalSweepGraphicProperties.cpp" />
    <ClCompile Include="ifc\brep_solids\sources\IfcBRepRelationship.cpp" />
    <ClCompile Include="ifc\brep_solids\sources\IfcBRepSolidsEnhancer.cpp" />
    <ClCompile Include="ifc\brep_solids\sources\IfcBRepRelationship.cpp" />
    <ClCompile Include="sources\GraphicElementTool.cpp" />
    <ClCompile Include="ifc\smart_feature\sources\SmartFeatureHandler.cpp" />
    <ClCompile Include="modeler\properties\shapes\sources\ShapesGraphicProperties.cpp" />
    <ClCompile Include="enhancer\headers\PolyfaceConvertTool.h" />
    <ClCompile Include="modeler\properties\curves\graphic\sources\CurveGraphicProperties.cpp" />
    <ClCompile Include="modeler\properties\brep_solids\sources\BRepGraphicProperties.cpp" />
    <ClCompile Include="modeler\properties\brep_solids\sources\SolidEntityGraphicProperties.cpp" />
  </ItemGroup>
  <ItemGroup>
    <None Include="ParametricFeatures.mke" />
    <None Include="ParametricFeatures.r" />
  </ItemGroup>
  <ItemGroup>
    <ClInclude Include="headers\GraphicsProcessor.h" />
    <ClInclude Include="stdafx.h" />
    <ClInclude Include="headers\ParametricFeatures.h" />
    <ClInclude Include="modeler\properties\headers\DictionaryProperties.h" />
    <ClInclude Include="modeler\properties\smart_feature\headers\SmartFeatureContainer.h" />
    <ClInclude Include="mapper\properties\headers\ReaderPropertiesMapper.h" />
    <ClInclude Include="modeler\properties\smart_feature\headers\SmartFeatureTreeNode.h" />
    <ClInclude Include="headers\PropertiesReaderProcessor.h" />
    <ClInclude Include="modeler\properties\headers\GeneralProperties.h" />
    <ClInclude Include="common\enums\headers\PrimitiveTypeEnum.h" />
    <ClInclude Include="common\utils\headers\StringUtils.hpp" />
    <ClInclude Include="common\utils\headers\NumberUtils.h" />
    <ClInclude Include="common\enums\headers\BooleanFunctionsEnum.h" />
    <ClInclude Include="common\enums\headers\ReaderPropertiesEnum.h" />
    <ClInclude Include="common\enums\headers\ResultStatusEnum.h" />
    <ClInclude Include="common\models\result_status\headers\ResultStatus.h" />
    <ClInclude Include="ifc\headers\IfcBuilder.h" />
    <ClInclude Include="ifc\boolean_functions\headers\IfcBooleanOperatorHandler.h" />
    <ClInclude Include="common\enums\headers\CreateSolidFunctionsEnum.h" />
    <ClInclude Include="common\enums\headers\SmartFeatureTypeEnum.h" />
    <ClInclude Include="modeler\properties\boolean_operations\headers\BooleanOperationProperties.h" />
    <ClInclude Include="modeler\properties\create_solids_operations\reader\headers\CreateSolidsOperationProperties.h" />
    <ClInclude Include="modeler\properties\primitives\graphic\headers\PrimitiveGraphicProperties.h" />
    <ClInclude Include="modeler\properties\primitives\reader\headers\PrimitiveReaderProperties.h" />
    <ClInclude Include="modeler\properties\primitives\graphic\headers\ConeGraphicProperties.h" />
    <ClInclude Include="modeler\properties\primitives\graphic\headers\CylinderGraphicProperties.h" />
    <ClInclude Include="modeler\properties\primitives\graphic\headers\SphereGraphicProperties.h" />
    <ClInclude Include="modeler\properties\primitives\graphic\headers\TorusGraphicProperties.h" />
    <ClInclude Include="ifc\create_solids_operation\headers\IfcCreateSolidsOperationBuilder.h" />
    <ClInclude Include="mapper\properties\headers\BooleanOperationReaderPropertiesMapper.h" />
    <ClInclude Include="modeler\properties\create_solids_operations\reader\headers\RevolveReaderProperties.h" />
    <ClInclude Include="common\utils\headers\PrimitiveTypeEnumUtils.h" />
    <ClInclude Include="common\utils\headers\ReaderPropertiesEnumUtils.h" />
    <ClInclude Include="common\utils\headers\SmartFeatureTypeEnumUtils.h" />
    <ClInclude Include="modeler\properties\pipes\reader\headers\PipeReaderProperties.h" />
    <ClInclude Include="modeler\properties\pipes\headers\PipesContainer.h" />
    <ClInclude Include="common\utils\headers\CreateSolidFunctionsEnumUtils.h" />
    <ClInclude Include="enhancer\headers\GraphicsProcessorEnhancer.h" />
    <ClInclude Include="enhancer\headers\InitializationEnhancer.h" />
    <ClInclude Include="modeler\properties\curves\graphic\headers\ArcGraphicProperties.h" />
    <ClInclude Include="modeler\properties\curves\graphic\headers\BsplineGraphicProperties.h" />
    <ClInclude Include="modeler\properties\curves\graphic\headers\InterpolationGraphicProperties.h" />
    <ClInclude Include="modeler\properties\curves\graphic\headers\AkimaGraphicProperties.h" />
    <ClInclude Include="modeler\properties\curves\graphic\headers\LineGraphicProperties.h" />
    <ClInclude Include="modeler\properties\curves\graphic\sources\LineGraphicProperties.cpp" />
    <ClInclude Include="modeler\properties\create_solids_operations\reader\headers\ExtrusionReaderProperties.h" />
    <ClInclude Include="mapper\properties\headers\CreateSolidsOperationPropertiesReaderMapper.h" />
    <ClInclude Include="enhancer\headers\IfcOperationsEnhancer.h" />
    <ClInclude Include="modeler\properties\reader\headers\ReaderPropertyDefinition.h" />
    <ClInclude Include="ifc\headers\IfcProductBundle.h" />
    <ClInclude Include="modeler\properties\primitives\graphic\headers\SolidPrimitiveProperty.h" />
    <ClInclude Include="modeler\properties\curves\graphic\headers\LineStringGraphicProperties.h" />
    <ClInclude Include="modeler\properties\primitives\graphic\headers\BoxGraphicProperties.h" />
    <ClInclude Include="modeler\properties\headers\GraphicProperties.h" />
    <ClInclude Include="modeler\properties\headers\ReaderPropertiesBundle.h" />
    <ClInclude Include="modeler\properties\primitives\graphic\headers\BoxGraphicProperties.h" />
    <ClInclude Include="modeler\properties\curves\graphic\headers\PointStringGraphicProperties.h" />
    <ClInclude Include="ifc\headers\IfcGraphicPropertiesBundle.h" />
    <ClInclude Include="ifc\headers\IfcGraphicPropertiesBundle.h" />
    <ClInclude Include="ifc\headers\IfcReaderPropertiesBundle.h" />
    <ClInclude Include="ifc\primitives\headers\IfcPrimitivesEnhancer.h" />
    <ClInclude Include="modeler\properties\curves\graphic\headers\LineStringGraphicProperties.h" />
    <ClInclude Include="modeler\properties\curves\graphic\headers\PointStringGraphicProperties.h" />
    <ClInclude Include="modeler\properties\shapes\headers\CurvesShapesGraphicProperties.h" />
    <ClInclude Include="common\enums\headers\ShapesTypeEnum.h" />
    <ClInclude Include="common\utils\headers\ShapesTypeEnumUtils.h" />
    <ClInclude Include="ifc\shapes\headers\IfcShapesEnhancer.h" />
    <ClInclude Include="ifc\headers\IfcElementBundle.h" />
    <ClInclude Include="ifc\headers\IfcElementBuilder.h" />
    <ClInclude Include="ifc\headers\IfcPortsBuilder.h" />
    <ClInclude Include="common\enums\headers\PropertyTypeEnum.h" />
    <ClInclude Include="ifc\properties\headers\IfcMaterialEnhancer.h" />
    <ClInclude Include="ifc\properties\headers\IfcPropertiesEnhancer.h" />
    <ClInclude Include="ifc\smart_feature\headers\SmartFeatureHandler.h" />
    <ClInclude Include="ifc\headers\IfcPortsRelationshipList.h" />
    <ClInclude Include="modeler\properties\shapes\headers\ShapesGraphicProperties.h" />
    <ClInclude Include="modeler\properties\primitives\graphic\headers\RotationalSweepGraphicProperties.h" />
    <ClInclude Include="headers\GraphicElementTool.h" />
    <ClInclude Include="ifc\brep_solids\headers\IfcBRepRelationship.h" />
    <ClInclude Include="ifc\brep_solids\headers\IfcBRepSolidsEnhancer.h" />
    <ClInclude Include="modeler\properties\brep_solids\headers\MSBsplineSurfaceGraphicProperties.h" />
    <ClInclude Include="modeler\properties\curves\graphic\headers\ICurvesGraphicsProperties.h" />
    <ClInclude Include="modeler\properties\curves\graphic\headers\CurveGraphicProperties.h" />
    <ClInclude Include="modeler\properties\brep_solids\headers\BRepGraphicProperties.h" />
    <ClInclude Include="modeler\properties\brep_solids\headers\SolidEntityGraphicProperties.h" />
    <ClInclude Include="common\enums\headers\BRepTypeEnum.h" />
    <ClInclude Include="common\utils\headers\BRepTypeEnumUtils.h" />
  </ItemGroup>
</Project>